
Microsoft Visual Studio Solution File, Format Version 12.00
# Visual Studio Version 17
VisualStudioVersion = 17.0.31919.166
MinimumVisualStudioVersion = 10.0.40219.1
Project("{FAE04EC0-301F-11D3-BF4B-00C04F79EFBC}") = "BouncyCastles", "BouncyCastles\BouncyCastles.csproj", "{16339C21-731F-4E4D-A2F3-A39ED87EE7A9}"
EndProject
Project("{FAE04EC0-301F-11D3-BF4B-00C04F79EFBC}") = "BouncyCastlesTests", "BouncyCastlesTests\BouncyCastlesTests.csproj", "{16C2461A-2CAC-4943-96B2-CD9D890AAD9B}"
EndProject
Project("{FAE04EC0-301F-11D3-BF4B-00C04F79EFBC}") = "MNISTImageRecognitionUI", "MNISTImageRecognitionUI\MNISTImageRecognitionUI.csproj", "{5CDF18D6-8423-47B0-91F4-A43BEC03A4C5}"
EndProject
Project("{FAE04EC0-301F-11D3-BF4B-00C04F79EFBC}") = "MNISTImageRecognitionTraining", "MNISTImageRecognitionTraining\MNISTImageRecognitionTraining.csproj", "{15688432-E7D2-4973-8DA0-EECFCE4FA849}"
EndProject
Global
	GlobalSection(SolutionConfigurationPlatforms) = preSolution
		Debug|Any CPU = Debug|Any CPU
		Release|Any CPU = Release|Any CPU
	EndGlobalSection
	GlobalSection(ProjectConfigurationPlatforms) = postSolution
		{16339C21-731F-4E4D-A2F3-A39ED87EE7A9}.Debug|Any CPU.ActiveCfg = Debug|Any CPU
		{16339C21-731F-4E4D-A2F3-A39ED87EE7A9}.Debug|Any CPU.Build.0 = Debug|Any CPU
		{16339C21-731F-4E4D-A2F3-A39ED87EE7A9}.Release|Any CPU.ActiveCfg = Release|Any CPU
		{16339C21-731F-4E4D-A2F3-A39ED87EE7A9}.Release|Any CPU.Build.0 = Release|Any CPU
		{16C2461A-2CAC-4943-96B2-CD9D890AAD9B}.Debug|Any CPU.ActiveCfg = Debug|Any CPU
		{16C2461A-2CAC-4943-96B2-CD9D890AAD9B}.Debug|Any CPU.Build.0 = Debug|Any CPU
		{16C2461A-2CAC-4943-96B2-CD9D890AAD9B}.Release|Any CPU.ActiveCfg = Release|Any CPU
		{16C2461A-2CAC-4943-96B2-CD9D890AAD9B}.Release|Any CPU.Build.0 = Release|Any CPU
		{5CDF18D6-8423-47B0-91F4-A43BEC03A4C5}.Debug|Any CPU.ActiveCfg = Debug|Any CPU
		{5CDF18D6-8423-47B0-91F4-A43BEC03A4C5}.Debug|Any CPU.Build.0 = Debug|Any CPU
		{5CDF18D6-8423-47B0-91F4-A43BEC03A4C5}.Release|Any CPU.ActiveCfg = Release|Any CPU
		{5CDF18D6-8423-47B0-91F4-A43BEC03A4C5}.Release|Any CPU.Build.0 = Release|Any CPU
		{15688432-E7D2-4973-8DA0-EECFCE4FA849}.Debug|Any CPU.ActiveCfg = Debug|Any CPU
		{15688432-E7D2-4973-8DA0-EECFCE4FA849}.Debug|Any CPU.Build.0 = Debug|Any CPU
		{15688432-E7D2-4973-8DA0-EECFCE4FA849}.Release|Any CPU.ActiveCfg = Release|Any CPU
		{15688432-E7D2-4973-8DA0-EECFCE4FA849}.Release|Any CPU.Build.0 = Release|Any CPU
	EndGlobalSection
	GlobalSection(SolutionProperties) = preSolution
		HideSolutionNode = FALSE
	EndGlobalSection
	GlobalSection(ExtensibilityGlobals) = postSolution
		SolutionGuid = {95BCFC63-AE8C-4C41-9301-33043B0D77DF}
	EndGlobalSection
EndGlobal
